
Microsoft Visual Studio Solution File, Format Version 12.00
# Visual Studio Version 16
VisualStudioVersion = 16.0.31112.23
MinimumVisualStudioVersion = 10.0.40219.1
Project("{FAE04EC0-301F-11D3-BF4B-00C04F79EFBC}") = "객체지향 여행 은닉성", "객체지향 여행 은닉성.csproj", "{0FFC3981-7B65-4CBC-BCBE-6E9818B876E4}"
EndProject
Global
	GlobalSection(SolutionConfigurationPlatforms) = preSolution
		Debug|Any CPU = Debug|Any CPU
		Release|Any CPU = Release|Any CPU
	EndGlobalSection
	GlobalSection(ProjectConfigurationPlatforms) = postSolution
		{0FFC3981-7B65-4CBC-BCBE-6E9818B876E4}.Debug|Any CPU.ActiveCfg = Debug|Any CPU
		{0FFC3981-7B65-4CBC-BCBE-6E9818B876E4}.Debug|Any CPU.Build.0 = Debug|Any CPU
		{0FFC3981-7B65-4CBC-BCBE-6E9818B876E4}.Release|Any CPU.ActiveCfg = Release|Any CPU
		{0FFC3981-7B65-4CBC-BCBE-6E9818B876E4}.Release|Any CPU.Build.0 = Release|Any CPU
	EndGlobalSection
	GlobalSection(SolutionProperties) = preSolution
		HideSolutionNode = FALSE
	EndGlobalSection
	GlobalSection(ExtensibilityGlobals) = postSolution
		SolutionGuid = {4C39F6E0-2652-4043-91BE-2C79184F2879}
	EndGlobalSection
EndGlobal
