
Microsoft Visual Studio Solution File, Format Version 12.00
# Visual Studio Version 16
VisualStudioVersion = 16.0.31112.23
MinimumVisualStudioVersion = 10.0.40219.1
Project("{FAE04EC0-301F-11D3-BF4B-00C04F79EFBC}") = "코드의 흐름제어 ref, out", "코드의 흐름제어 ref, out.csproj", "{F60778A8-D608-4882-8A5D-718AC72B0FF6}"
EndProject
Global
	GlobalSection(SolutionConfigurationPlatforms) = preSolution
		Debug|Any CPU = Debug|Any CPU
		Release|Any CPU = Release|Any CPU
	EndGlobalSection
	GlobalSection(ProjectConfigurationPlatforms) = postSolution
		{F60778A8-D608-4882-8A5D-718AC72B0FF6}.Debug|Any CPU.ActiveCfg = Debug|Any CPU
		{F60778A8-D608-4882-8A5D-718AC72B0FF6}.Debug|Any CPU.Build.0 = Debug|Any CPU
		{F60778A8-D608-4882-8A5D-718AC72B0FF6}.Release|Any CPU.ActiveCfg = Release|Any CPU
		{F60778A8-D608-4882-8A5D-718AC72B0FF6}.Release|Any CPU.Build.0 = Release|Any CPU
	EndGlobalSection
	GlobalSection(SolutionProperties) = preSolution
		HideSolutionNode = FALSE
	EndGlobalSection
	GlobalSection(ExtensibilityGlobals) = postSolution
		SolutionGuid = {9FCD4A92-6643-40DB-BFFE-DB38C71A15D8}
	EndGlobalSection
EndGlobal
