
Microsoft Visual Studio Solution File, Format Version 12.00
# Visual Studio Version 16
VisualStudioVersion = 16.0.31112.23
MinimumVisualStudioVersion = 10.0.40219.1
Project("{FAE04EC0-301F-11D3-BF4B-00C04F79EFBC}") = "코드의 흐름제어 break, continue", "코드의 흐름제어 break, continue.csproj", "{AF5CAC98-B485-44F4-AA0E-493470063220}"
EndProject
Global
	GlobalSection(SolutionConfigurationPlatforms) = preSolution
		Debug|Any CPU = Debug|Any CPU
		Release|Any CPU = Release|Any CPU
	EndGlobalSection
	GlobalSection(ProjectConfigurationPlatforms) = postSolution
		{AF5CAC98-B485-44F4-AA0E-493470063220}.Debug|Any CPU.ActiveCfg = Debug|Any CPU
		{AF5CAC98-B485-44F4-AA0E-493470063220}.Debug|Any CPU.Build.0 = Debug|Any CPU
		{AF5CAC98-B485-44F4-AA0E-493470063220}.Release|Any CPU.ActiveCfg = Release|Any CPU
		{AF5CAC98-B485-44F4-AA0E-493470063220}.Release|Any CPU.Build.0 = Release|Any CPU
	EndGlobalSection
	GlobalSection(SolutionProperties) = preSolution
		HideSolutionNode = FALSE
	EndGlobalSection
	GlobalSection(ExtensibilityGlobals) = postSolution
		SolutionGuid = {1B1E4B66-A8EA-4CF3-B5AB-82A9653C72D8}
	EndGlobalSection
EndGlobal
