
Microsoft Visual Studio Solution File, Format Version 12.00
# Visual Studio Version 16
VisualStudioVersion = 16.0.31112.23
MinimumVisualStudioVersion = 10.0.40219.1
Project("{FAE04EC0-301F-11D3-BF4B-00C04F79EFBC}") = "자료구조 맛보기 List", "자료구조 맛보기 List.csproj", "{2DAD9775-78DE-4B7E-8ECD-BB1E06F450CA}"
EndProject
Global
	GlobalSection(SolutionConfigurationPlatforms) = preSolution
		Debug|Any CPU = Debug|Any CPU
		Release|Any CPU = Release|Any CPU
	EndGlobalSection
	GlobalSection(ProjectConfigurationPlatforms) = postSolution
		{2DAD9775-78DE-4B7E-8ECD-BB1E06F450CA}.Debug|Any CPU.ActiveCfg = Debug|Any CPU
		{2DAD9775-78DE-4B7E-8ECD-BB1E06F450CA}.Debug|Any CPU.Build.0 = Debug|Any CPU
		{2DAD9775-78DE-4B7E-8ECD-BB1E06F450CA}.Release|Any CPU.ActiveCfg = Release|Any CPU
		{2DAD9775-78DE-4B7E-8ECD-BB1E06F450CA}.Release|Any CPU.Build.0 = Release|Any CPU
	EndGlobalSection
	GlobalSection(SolutionProperties) = preSolution
		HideSolutionNode = FALSE
	EndGlobalSection
	GlobalSection(ExtensibilityGlobals) = postSolution
		SolutionGuid = {2FB6ADF1-C785-4975-BF55-AEC578323999}
	EndGlobalSection
EndGlobal
