
Microsoft Visual Studio Solution File, Format Version 12.00
# Visual Studio Version 16
VisualStudioVersion = 16.0.31112.23
MinimumVisualStudioVersion = 10.0.40219.1
Project("{FAE04EC0-301F-11D3-BF4B-00C04F79EFBC}") = "데이터 마무리", "데이터 마무리.csproj", "{B5BBC39D-BE55-4B75-BB2B-D3C223D0893D}"
EndProject
Global
	GlobalSection(SolutionConfigurationPlatforms) = preSolution
		Debug|Any CPU = Debug|Any CPU
		Release|Any CPU = Release|Any CPU
	EndGlobalSection
	GlobalSection(ProjectConfigurationPlatforms) = postSolution
		{B5BBC39D-BE55-4B75-BB2B-D3C223D0893D}.Debug|Any CPU.ActiveCfg = Debug|Any CPU
		{B5BBC39D-BE55-4B75-BB2B-D3C223D0893D}.Debug|Any CPU.Build.0 = Debug|Any CPU
		{B5BBC39D-BE55-4B75-BB2B-D3C223D0893D}.Release|Any CPU.ActiveCfg = Release|Any CPU
		{B5BBC39D-BE55-4B75-BB2B-D3C223D0893D}.Release|Any CPU.Build.0 = Release|Any CPU
	EndGlobalSection
	GlobalSection(SolutionProperties) = preSolution
		HideSolutionNode = FALSE
	EndGlobalSection
	GlobalSection(ExtensibilityGlobals) = postSolution
		SolutionGuid = {9D24B021-70EE-40A6-AD18-B7919DFDE3CC}
	EndGlobalSection
EndGlobal
