
Microsoft Visual Studio Solution File, Format Version 12.00
# Visual Studio Version 16
VisualStudioVersion = 16.0.31112.23
MinimumVisualStudioVersion = 10.0.40219.1
Project("{FAE04EC0-301F-11D3-BF4B-00C04F79EFBC}") = "자료구조 맛보기 Dictionary", "자료구조 맛보기 Dictionary.csproj", "{ACA73E90-907C-468E-8B58-BDCE0446CFCC}"
EndProject
Global
	GlobalSection(SolutionConfigurationPlatforms) = preSolution
		Debug|Any CPU = Debug|Any CPU
		Release|Any CPU = Release|Any CPU
	EndGlobalSection
	GlobalSection(ProjectConfigurationPlatforms) = postSolution
		{ACA73E90-907C-468E-8B58-BDCE0446CFCC}.Debug|Any CPU.ActiveCfg = Debug|Any CPU
		{ACA73E90-907C-468E-8B58-BDCE0446CFCC}.Debug|Any CPU.Build.0 = Debug|Any CPU
		{ACA73E90-907C-468E-8B58-BDCE0446CFCC}.Release|Any CPU.ActiveCfg = Release|Any CPU
		{ACA73E90-907C-468E-8B58-BDCE0446CFCC}.Release|Any CPU.Build.0 = Release|Any CPU
	EndGlobalSection
	GlobalSection(SolutionProperties) = preSolution
		HideSolutionNode = FALSE
	EndGlobalSection
	GlobalSection(ExtensibilityGlobals) = postSolution
		SolutionGuid = {19CA1265-28FD-4F6A-B5A7-BA51FE0B29E4}
	EndGlobalSection
EndGlobal
