
Microsoft Visual Studio Solution File, Format Version 12.00
# Visual Studio Version 16
VisualStudioVersion = 16.0.31112.23
MinimumVisualStudioVersion = 10.0.40219.1
Project("{FAE04EC0-301F-11D3-BF4B-00C04F79EFBC}") = "알아두면 유용한 기타 문법 Exception(예외처리)", "알아두면 유용한 기타 문법 Exception(예외처리).csproj", "{A3A56AC4-5B2A-4412-9EC2-78FF4674C1BC}"
EndProject
Global
	GlobalSection(SolutionConfigurationPlatforms) = preSolution
		Debug|Any CPU = Debug|Any CPU
		Release|Any CPU = Release|Any CPU
	EndGlobalSection
	GlobalSection(ProjectConfigurationPlatforms) = postSolution
		{A3A56AC4-5B2A-4412-9EC2-78FF4674C1BC}.Debug|Any CPU.ActiveCfg = Debug|Any CPU
		{A3A56AC4-5B2A-4412-9EC2-78FF4674C1BC}.Debug|Any CPU.Build.0 = Debug|Any CPU
		{A3A56AC4-5B2A-4412-9EC2-78FF4674C1BC}.Release|Any CPU.ActiveCfg = Release|Any CPU
		{A3A56AC4-5B2A-4412-9EC2-78FF4674C1BC}.Release|Any CPU.Build.0 = Release|Any CPU
	EndGlobalSection
	GlobalSection(SolutionProperties) = preSolution
		HideSolutionNode = FALSE
	EndGlobalSection
	GlobalSection(ExtensibilityGlobals) = postSolution
		SolutionGuid = {B16FB6FB-8D9A-4951-AFAC-F3BBEC97F76F}
	EndGlobalSection
EndGlobal
