
Microsoft Visual Studio Solution File, Format Version 12.00
# Visual Studio Version 16
VisualStudioVersion = 16.0.31112.23
MinimumVisualStudioVersion = 10.0.40219.1
Project("{FAE04EC0-301F-11D3-BF4B-00C04F79EFBC}") = "알아두면 유용한 기타 문법 Nullable(널러블)", "알아두면 유용한 기타 문법 Nullable(널러블).csproj", "{42E18356-DA58-443B-92B9-832C89C3384E}"
EndProject
Global
	GlobalSection(SolutionConfigurationPlatforms) = preSolution
		Debug|Any CPU = Debug|Any CPU
		Release|Any CPU = Release|Any CPU
	EndGlobalSection
	GlobalSection(ProjectConfigurationPlatforms) = postSolution
		{42E18356-DA58-443B-92B9-832C89C3384E}.Debug|Any CPU.ActiveCfg = Debug|Any CPU
		{42E18356-DA58-443B-92B9-832C89C3384E}.Debug|Any CPU.Build.0 = Debug|Any CPU
		{42E18356-DA58-443B-92B9-832C89C3384E}.Release|Any CPU.ActiveCfg = Release|Any CPU
		{42E18356-DA58-443B-92B9-832C89C3384E}.Release|Any CPU.Build.0 = Release|Any CPU
	EndGlobalSection
	GlobalSection(SolutionProperties) = preSolution
		HideSolutionNode = FALSE
	EndGlobalSection
	GlobalSection(ExtensibilityGlobals) = postSolution
		SolutionGuid = {A50678A7-6A97-4F61-B7B4-2144BC24F4E0}
	EndGlobalSection
EndGlobal
