
Microsoft Visual Studio Solution File, Format Version 12.00
# Visual Studio Version 16
VisualStudioVersion = 16.0.31112.23
MinimumVisualStudioVersion = 10.0.40219.1
Project("{FAE04EC0-301F-11D3-BF4B-00C04F79EFBC}") = "코드의 흐름 제어 연습문제", "코드의 흐름 제어 연습문제.csproj", "{3071A805-6533-47F7-B17A-6FF703D874D2}"
EndProject
Global
	GlobalSection(SolutionConfigurationPlatforms) = preSolution
		Debug|Any CPU = Debug|Any CPU
		Release|Any CPU = Release|Any CPU
	EndGlobalSection
	GlobalSection(ProjectConfigurationPlatforms) = postSolution
		{3071A805-6533-47F7-B17A-6FF703D874D2}.Debug|Any CPU.ActiveCfg = Debug|Any CPU
		{3071A805-6533-47F7-B17A-6FF703D874D2}.Debug|Any CPU.Build.0 = Debug|Any CPU
		{3071A805-6533-47F7-B17A-6FF703D874D2}.Release|Any CPU.ActiveCfg = Release|Any CPU
		{3071A805-6533-47F7-B17A-6FF703D874D2}.Release|Any CPU.Build.0 = Release|Any CPU
	EndGlobalSection
	GlobalSection(SolutionProperties) = preSolution
		HideSolutionNode = FALSE
	EndGlobalSection
	GlobalSection(ExtensibilityGlobals) = postSolution
		SolutionGuid = {F6827D70-3580-48C9-AC82-FD944D3E2956}
	EndGlobalSection
EndGlobal
