
Microsoft Visual Studio Solution File, Format Version 12.00
# Visual Studio Version 16
VisualStudioVersion = 16.0.31112.23
MinimumVisualStudioVersion = 10.0.40219.1
Project("{FAE04EC0-301F-11D3-BF4B-00C04F79EFBC}") = "알아두면 유용한 기타 문법 Reflection(리플렉션)", "알아두면 유용한 기타 문법 Reflection(리플렉션).csproj", "{DB0ED7D0-4A13-4235-8C84-A422EB433148}"
EndProject
Global
	GlobalSection(SolutionConfigurationPlatforms) = preSolution
		Debug|Any CPU = Debug|Any CPU
		Release|Any CPU = Release|Any CPU
	EndGlobalSection
	GlobalSection(ProjectConfigurationPlatforms) = postSolution
		{DB0ED7D0-4A13-4235-8C84-A422EB433148}.Debug|Any CPU.ActiveCfg = Debug|Any CPU
		{DB0ED7D0-4A13-4235-8C84-A422EB433148}.Debug|Any CPU.Build.0 = Debug|Any CPU
		{DB0ED7D0-4A13-4235-8C84-A422EB433148}.Release|Any CPU.ActiveCfg = Release|Any CPU
		{DB0ED7D0-4A13-4235-8C84-A422EB433148}.Release|Any CPU.Build.0 = Release|Any CPU
	EndGlobalSection
	GlobalSection(SolutionProperties) = preSolution
		HideSolutionNode = FALSE
	EndGlobalSection
	GlobalSection(ExtensibilityGlobals) = postSolution
		SolutionGuid = {CE83DBD2-B384-47F9-A458-D138D598F03A}
	EndGlobalSection
EndGlobal
