
Microsoft Visual Studio Solution File, Format Version 12.00
# Visual Studio Version 16
VisualStudioVersion = 16.0.31112.23
MinimumVisualStudioVersion = 10.0.40219.1
Project("{FAE04EC0-301F-11D3-BF4B-00C04F79EFBC}") = "알아두면 유용한 기타 문법 Generic(일반화)", "알아두면 유용한 기타 문법 Generic(일반화).csproj", "{C734ED2C-9ED7-494A-A7EE-E3AD61D385EF}"
EndProject
Global
	GlobalSection(SolutionConfigurationPlatforms) = preSolution
		Debug|Any CPU = Debug|Any CPU
		Release|Any CPU = Release|Any CPU
	EndGlobalSection
	GlobalSection(ProjectConfigurationPlatforms) = postSolution
		{C734ED2C-9ED7-494A-A7EE-E3AD61D385EF}.Debug|Any CPU.ActiveCfg = Debug|Any CPU
		{C734ED2C-9ED7-494A-A7EE-E3AD61D385EF}.Debug|Any CPU.Build.0 = Debug|Any CPU
		{C734ED2C-9ED7-494A-A7EE-E3AD61D385EF}.Release|Any CPU.ActiveCfg = Release|Any CPU
		{C734ED2C-9ED7-494A-A7EE-E3AD61D385EF}.Release|Any CPU.Build.0 = Release|Any CPU
	EndGlobalSection
	GlobalSection(SolutionProperties) = preSolution
		HideSolutionNode = FALSE
	EndGlobalSection
	GlobalSection(ExtensibilityGlobals) = postSolution
		SolutionGuid = {038278CC-F4E9-43C4-8D5B-ABDB3519478B}
	EndGlobalSection
EndGlobal
